{
  "requires": true,
  "lockfileVersion": 1,
  "dependencies": {
    "lambda-mailer": {
      "version": "0.2.0",
      "resolved": "https://registry.npmjs.org/lambda-mailer/-/lambda-mailer-0.2.0.tgz",
      "integrity": "sha512-Fqd/1mCeVXFa+RgR+/sl05cXCg7u7qTVhc5qUwrjA5ONR/DFuk7K4MwSuCmbHtDv2vwXrF3Okz1G/qgTX9OoIg=="
    }
  }
}
